
Microsoft Visual Studio Solution File, Format Version 12.00
# Visual Studio 15
VisualStudioVersion = 15.0.27703.2026
MinimumVisualStudioVersion = 10.0.40219.1
Project("{FAE04EC0-301F-11D3-BF4B-00C04F79EFBC}") = "C_Sharp_2020_4", "C_Sharp_2020_4\C_Sharp_2020_4.csproj", "{10C2205C-9D96-40B4-A76E-DD8D85FA4B9B}"
EndProject
Global
	GlobalSection(SolutionConfigurationPlatforms) = preSolution
		Debug|Any CPU = Debug|Any CPU
		Release|Any CPU = Release|Any CPU
	EndGlobalSection
	GlobalSection(ProjectConfigurationPlatforms) = postSolution
		{10C2205C-9D96-40B4-A76E-DD8D85FA4B9B}.Debug|Any CPU.ActiveCfg = Debug|Any CPU
		{10C2205C-9D96-40B4-A76E-DD8D85FA4B9B}.Debug|Any CPU.Build.0 = Debug|Any CPU
		{10C2205C-9D96-40B4-A76E-DD8D85FA4B9B}.Release|Any CPU.ActiveCfg = Release|Any CPU
		{10C2205C-9D96-40B4-A76E-DD8D85FA4B9B}.Release|Any CPU.Build.0 = Release|Any CPU
	EndGlobalSection
	GlobalSection(SolutionProperties) = preSolution
		HideSolutionNode = FALSE
	EndGlobalSection
	GlobalSection(ExtensibilityGlobals) = postSolution
		SolutionGuid = {C6E81DDD-3865-4D95-A35D-3F786A23F3D2}
	EndGlobalSection
EndGlobal
